<?xml version="1.0" encoding="utf-8"?>
<Project ToolsVersion="4.0" xmlns="http://schemas.microsoft.com/developer/msbuild/2003">
  <ItemGroup>
    <Filter Include="ソース ファイル">
      <UniqueIdentifier>{4FC737F1-C7A5-4376-A066-2A32D752A2FF}</UniqueIdentifier>
      <Extensions>cpp;c;cc;cxx;c++;cppm;ixx;def;odl;idl;hpj;bat;asm;asmx</Extensions>
    </Filter>
    <Filter Include="ヘッダー ファイル">
      <UniqueIdentifier>{93995380-89BD-4b04-88EB-625FBE52EBFB}</UniqueIdentifier>
      <Extensions>h;hh;hpp;hxx;h++;hm;inl;inc;ipp;xsd</Extensions>
    </Filter>
    <Filter Include="リソース ファイル">
      <UniqueIdentifier>{67DA6AB6-F800-4c08-8B7A-83BB121AAD01}</UniqueIdentifier>
      <Extensions>rc;ico;cur;bmp;dlg;rc2;rct;bin;rgs;gif;jpg;jpeg;jpe;resx;tiff;tif;png;wav;mfcribbon-ms</Extensions>
    </Filter>
    <Filter Include="ヘッダー ファイル\SlidingConv">
      <UniqueIdentifier>{5efeaf06-d9b9-41da-adf9-2f6b9c4d61b9}</UniqueIdentifier>
    </Filter>
    <Filter Include="ヘッダー ファイル\recfilter">
      <UniqueIdentifier>{385e1b61-1f85-4336-b7e5-a3409178d945}</UniqueIdentifier>
    </Filter>
    <Filter Include="ソース ファイル\SlidingConv">
      <UniqueIdentifier>{f34a6d27-e9d5-4950-81e1-db4db44d390c}</UniqueIdentifier>
    </Filter>
    <Filter Include="ソース ファイル\recfilter">
      <UniqueIdentifier>{7b07c39e-85e7-4992-95d4-a6702fdabcba}</UniqueIdentifier>
    </Filter>
    <Filter Include="ヘッダー ファイル\util">
      <UniqueIdentifier>{2926cfc8-47bb-47bf-af22-bac163b2f39a}</UniqueIdentifier>
    </Filter>
  </ItemGroup>
  <ItemGroup>
    <ClCompile Include="main.cpp">
      <Filter>ソース ファイル</Filter>
    </ClCompile>
    <ClCompile Include="recfilter\split_custom_sliding_single_post_process.cpp">
      <Filter>ソース ファイル\recfilter</Filter>
    </ClCompile>
    <ClCompile Include="recfilter\timing.cpp">
      <Filter>ソース ファイル\recfilter</Filter>
    </ClCompile>
    <ClCompile Include="recfilter\coefficients.cpp">
      <Filter>ソース ファイル\recfilter</Filter>
    </ClCompile>
    <ClCompile Include="recfilter\iir_coeff.cpp">
      <Filter>ソース ファイル\recfilter</Filter>
    </ClCompile>
    <ClCompile Include="recfilter\modifiers.cpp">
      <Filter>ソース ファイル\recfilter</Filter>
    </ClCompile>
    <ClCompile Include="recfilter\recfilter.cpp">
      <Filter>ソース ファイル\recfilter</Filter>
    </ClCompile>
    <ClCompile Include="recfilter\recfilter_utils.cpp">
      <Filter>ソース ファイル\recfilter</Filter>
    </ClCompile>
    <ClCompile Include="recfilter\reorder.cpp">
      <Filter>ソース ファイル\recfilter</Filter>
    </ClCompile>
    <ClCompile Include="recfilter\schedule.cpp">
      <Filter>ソース ファイル\recfilter</Filter>
    </ClCompile>
    <ClCompile Include="recfilter\split.cpp">
      <Filter>ソース ファイル\recfilter</Filter>
    </ClCompile>
    <ClCompile Include="recfilter\split_custom_sliding_single.cpp">
      <Filter>ソース ファイル\recfilter</Filter>
    </ClCompile>
    <ClCompile Include="recfilter\split_custom_sliding_single_multi_delta.cpp">
      <Filter>ソース ファイル\recfilter</Filter>
    </ClCompile>
    <ClCompile Include="recfilter\split_custom_sliding_single_multi_delta_post_process.cpp">
      <Filter>ソース ファイル\recfilter</Filter>
    </ClCompile>
    <ClCompile Include="src\SlidingConvRefSchedule.cpp">
      <Filter>ソース ファイル\SlidingConv</Filter>
    </ClCompile>
    <ClCompile Include="src\SlidingConvRefVar.cpp">
      <Filter>ソース ファイル\SlidingConv</Filter>
    </ClCompile>
    <ClCompile Include="src\SlidingConvSchedule.cpp">
      <Filter>ソース ファイル\SlidingConv</Filter>
    </ClCompile>
    <ClCompile Include="src\SlidingConvSetters.cpp">
      <Filter>ソース ファイル\SlidingConv</Filter>
    </ClCompile>
    <ClCompile Include="src\computeSlidingFunc.cpp">
      <Filter>ソース ファイル\SlidingConv</Filter>
    </ClCompile>
    <ClCompile Include="src\SlidingConvGetters.cpp">
      <Filter>ソース ファイル\SlidingConv</Filter>
    </ClCompile>
    <ClCompile Include="src\SlidingConvInput.cpp">
      <Filter>ソース ファイル\SlidingConv</Filter>
    </ClCompile>
    <ClCompile Include="src\SlidingConvOutput.cpp">
      <Filter>ソース ファイル\SlidingConv</Filter>
    </ClCompile>
    <ClCompile Include="src\SlidingConvRefExpr.cpp">
      <Filter>ソース ファイル\SlidingConv</Filter>
    </ClCompile>
    <ClCompile Include="src\computeCoeffDCT.cpp">
      <Filter>ソース ファイル\SlidingConv</Filter>
    </ClCompile>
    <ClCompile Include="src\SearchRadiusDCT.cpp">
      <Filter>ソース ファイル\SlidingConv</Filter>
    </ClCompile>
  </ItemGroup>
  <ItemGroup>
    <ClInclude Include="src\SlidingConv.h">
      <Filter>ヘッダー ファイル\SlidingConv</Filter>
    </ClInclude>
    <ClInclude Include="recfilter\split.h">
      <Filter>ヘッダー ファイル\recfilter</Filter>
    </ClInclude>
    <ClInclude Include="recfilter\timing.h">
      <Filter>ヘッダー ファイル\recfilter</Filter>
    </ClInclude>
    <ClInclude Include="recfilter\coefficients.h">
      <Filter>ヘッダー ファイル\recfilter</Filter>
    </ClInclude>
    <ClInclude Include="recfilter\iir_coeff.h">
      <Filter>ヘッダー ファイル\recfilter</Filter>
    </ClInclude>
    <ClInclude Include="recfilter\modifiers.h">
      <Filter>ヘッダー ファイル\recfilter</Filter>
    </ClInclude>
    <ClInclude Include="recfilter\recfilter.h">
      <Filter>ヘッダー ファイル\recfilter</Filter>
    </ClInclude>
    <ClInclude Include="recfilter\recfilter_internals.h">
      <Filter>ヘッダー ファイル\recfilter</Filter>
    </ClInclude>
    <ClInclude Include="src\SearchRadiusDCT.h">
      <Filter>ヘッダー ファイル\SlidingConv</Filter>
    </ClInclude>
    <ClInclude Include="src\computeCoeffDCT.h">
      <Filter>ヘッダー ファイル\SlidingConv</Filter>
    </ClInclude>
    <ClInclude Include="src\search1D.hpp">
      <Filter>ヘッダー ファイル\SlidingConv</Filter>
    </ClInclude>
    <ClInclude Include="src\ScheduleInfo.h">
      <Filter>ヘッダー ファイル\SlidingConv</Filter>
    </ClInclude>
    <ClInclude Include="util\halide_benchmark.h">
      <Filter>ヘッダー ファイル\util</Filter>
    </ClInclude>
    <ClInclude Include="util\HalideWithOpenCV.h">
      <Filter>ヘッダー ファイル\util</Filter>
    </ClInclude>
  </ItemGroup>
</Project>